
Microsoft Visual Studio Solution File, Format Version 12.00
Project("{FAE04EC0-301F-11D3-BF4B-00C04F79EFBC}") = "X_Pace_Backend", "X_Pace_Backend.csproj", "{0062F45D-BB9F-47D7-B8F2-004BB884FEB6}"
EndProject
Global
	GlobalSection(SolutionConfigurationPlatforms) = preSolution
		Debug|Any CPU = Debug|Any CPU
		Release|Any CPU = Release|Any CPU
	EndGlobalSection
	GlobalSection(ProjectConfigurationPlatforms) = postSolution
		{0062F45D-BB9F-47D7-B8F2-004BB884FEB6}.Debug|Any CPU.ActiveCfg = Debug|Any CPU
		{0062F45D-BB9F-47D7-B8F2-004BB884FEB6}.Debug|Any CPU.Build.0 = Debug|Any CPU
		{0062F45D-BB9F-47D7-B8F2-004BB884FEB6}.Release|Any CPU.ActiveCfg = Release|Any CPU
		{0062F45D-BB9F-47D7-B8F2-004BB884FEB6}.Release|Any CPU.Build.0 = Release|Any CPU
	EndGlobalSection
EndGlobal
